// !$*UTF8*$!
{
	archiveVersion = 1;
	classes = {
	};
	objectVersion = 54;
	objects = {

/* Begin PBXBuildFile section */
		332921C429AA4FDD000262B3 /* AppDelegate.swift in Sources */ = {isa = PBXBuildFile; fileRef = 332921C329AA4FDD000262B3 /* AppDelegate.swift */; };
		332921C629AA4FDD000262B3 /* SceneDelegate.swift in Sources */ = {isa = PBXBuildFile; fileRef = 332921C529AA4FDD000262B3 /* SceneDelegate.swift */; };
		332921CD29AA4FDF000262B3 /* Assets.xcassets in Resources */ = {isa = PBXBuildFile; fileRef = 332921CC29AA4FDF000262B3 /* Assets.xcassets */; };
		332921D029AA4FDF000262B3 /* LaunchScreen.storyboard in Resources */ = {isa = PBXBuildFile; fileRef = 332921CE29AA4FDF000262B3 /* LaunchScreen.storyboard */; };
		332921DD29AA50A3000262B3 /* WeatherModel.swift in Sources */ = {isa = PBXBuildFile; fileRef = 332921D829AA50A3000262B3 /* WeatherModel.swift */; };
		332921DE29AA50A3000262B3 /* ViewController.swift in Sources */ = {isa = PBXBuildFile; fileRef = 332921DA29AA50A3000262B3 /* ViewController.swift */; };
		332921DF29AA50A3000262B3 /* DailyWeatherView.swift in Sources */ = {isa = PBXBuildFile; fileRef = 332921DB29AA50A3000262B3 /* DailyWeatherView.swift */; };
		332921E029AA50A3000262B3 /* MainView.swift in Sources */ = {isa = PBXBuildFile; fileRef = 332921DC29AA50A3000262B3 /* MainView.swift */; };
/* End PBXBuildFile section */

/* Begin PBXFileReference section */
		332921C029AA4FDD000262B3 /* ReplaceTableViewWithStackFinal.app */ = {isa = PBXFileReference; explicitFileType = wrapper.application; includeInIndex = 0; path = ReplaceTableViewWithStackFinal.app; sourceTree = BUILT_PRODUCTS_DIR; };
		332921C329AA4FDD000262B3 /* AppDelegate.swift */ = {isa = PBXFileReference; lastKnownFileType = sourcecode.swift; path = AppDelegate.swift; sourceTree = "<group>"; };
		332921C529AA4FDD000262B3 /* SceneDelegate.swift */ = {isa = PBXFileReference; lastKnownFileType = sourcecode.swift; path = SceneDelegate.swift; sourceTree = "<group>"; };
		332921CC29AA4FDF000262B3 /* Assets.xcassets */ = {isa = PBXFileReference; lastKnownFileType = folder.assetcatalog; path = Assets.xcassets; sourceTree = "<group>"; };
		332921CF29AA4FDF000262B3 /* Base */ = {isa = PBXFileReference; lastKnownFileType = file.storyboard; name = Base; path = Base.lproj/LaunchScreen.storyboard; sourceTree = "<group>"; };
		332921D129AA4FDF000262B3 /* Info.plist */ = {isa = PBXFileReference; lastKnownFileType = text.plist.xml; path = Info.plist; sourceTree = "<group>"; };
		332921D829AA50A3000262B3 /* WeatherModel.swift */ = {isa = PBXFileReference; fileEncoding = 4; lastKnownFileType = sourcecode.swift; path = WeatherModel.swift; sourceTree = "<group>"; };
		332921DA29AA50A3000262B3 /* ViewController.swift */ = {isa = PBXFileReference; fileEncoding = 4; lastKnownFileType = sourcecode.swift; path = ViewController.swift; sourceTree = "<group>"; };
		332921DB29AA50A3000262B3 /* DailyWeatherView.swift */ = {isa = PBXFileReference; fileEncoding = 4; lastKnownFileType = sourcecode.swift; path = DailyWeatherView.swift; sourceTree = "<group>"; };
		332921DC29AA50A3000262B3 /* MainView.swift */ = {isa = PBXFileReference; fileEncoding = 4; lastKnownFileType = sourcecode.swift; path = MainView.swift; sourceTree = "<group>"; };
/* End PBXFileReference section */

/* Begin PBXFrameworksBuildPhase section */
		332921BD29AA4FDD000262B3 /* Frameworks */ = {
			isa = PBXFrameworksBuildPhase;
			buildActionMask = 2147483647;
			files = (
			);
			runOnlyForDeploymentPostprocessing = 0;
		};
/* End PBXFrameworksBuildPhase section */

/* Begin PBXGroup section */
		332921B729AA4FDD000262B3 = {
			isa = PBXGroup;
			children = (
				332921C229AA4FDD000262B3 /* ReplaceTableViewWithStackFinal */,
				332921C129AA4FDD000262B3 /* Products */,
			);
			sourceTree = "<group>";
		};
		332921C129AA4FDD000262B3 /* Products */ = {
			isa = PBXGroup;
			children = (
				332921C029AA4FDD000262B3 /* ReplaceTableViewWithStackFinal.app */,
			);
			name = Products;
			sourceTree = "<group>";
		};
		332921C229AA4FDD000262B3 /* ReplaceTableViewWithStackFinal */ = {
			isa = PBXGroup;
			children = (
				332921D729AA50A3000262B3 /* Model */,
				332921D929AA50A3000262B3 /* View */,
				332921C329AA4FDD000262B3 /* AppDelegate.swift */,
				332921C529AA4FDD000262B3 /* SceneDelegate.swift */,
				332921CC29AA4FDF000262B3 /* Assets.xcassets */,
				332921CE29AA4FDF000262B3 /* LaunchScreen.storyboard */,
				332921D129AA4FDF000262B3 /* Info.plist */,
			);
			path = ReplaceTableViewWithStackFinal;
			sourceTree = "<group>";
		};
		332921D729AA50A3000262B3 /* Model */ = {
			isa = PBXGroup;
			children = (
				332921D829AA50A3000262B3 /* WeatherModel.swift */,
			);
			path = Model;
			sourceTree = "<group>";
		};
		332921D929AA50A3000262B3 /* View */ = {
			isa = PBXGroup;
			children = (
				332921DA29AA50A3000262B3 /* ViewController.swift */,
				332921DB29AA50A3000262B3 /* DailyWeatherView.swift */,
				332921DC29AA50A3000262B3 /* MainView.swift */,
			);
			path = View;
			sourceTree = "<group>";
		};
/* End PBXGroup section */

/* Begin PBXNativeTarget section */
		332921BF29AA4FDD000262B3 /* ReplaceTableViewWithStackFinal */ = {
			isa = PBXNativeTarget;
			buildConfigurationList = 332921D429AA4FDF000262B3 /* Build configuration list for PBXNativeTarget "ReplaceTableViewWithStackFinal" */;
			buildPhases = (
				332921BC29AA4FDD000262B3 /* Sources */,
				332921BD29AA4FDD000262B3 /* Frameworks */,
				332921BE29AA4FDD000262B3 /* Resources */,
			);
			buildRules = (
			);
			dependencies = (
			);
			name = ReplaceTableViewWithStackFinal;
			productName = ReplaceTableViewWithStackFinal;
			productReference = 332921C029AA4FDD000262B3 /* ReplaceTableViewWithStackFinal.app */;
			productType = "com.apple.product-type.application";
		};
/* End PBXNativeTarget section */

/* Begin PBXProject section */
		332921B829AA4FDD000262B3 /* Project object */ = {
			isa = PBXProject;
			attributes = {
				BuildIndependentTargetsInParallel = 1;
				LastSwiftUpdateCheck = 1420;
				LastUpgradeCheck = 1420;
				TargetAttributes = {
					332921BF29AA4FDD000262B3 = {
						CreatedOnToolsVersion = 14.2;
					};
				};
			};
			buildConfigurationList = 332921BB29AA4FDD000262B3 /* Build configuration list for PBXProject "ReplaceTableViewWithStackFinal" */;
			compatibilityVersion = "Xcode 12.0";
			developmentRegion = en;
			hasScannedForEncodings = 0;
			knownRegions = (
				en,
				Base,
			);
			mainGroup = 332921B729AA4FDD000262B3;
			productRefGroup = 332921C129AA4FDD000262B3 /* Products */;
			projectDirPath = "";
			projectRoot = "";
			targets = (
				332921BF29AA4FDD000262B3 /* ReplaceTableViewWithStackFinal */,
			);
		};
/* End PBXProject section */

/* Begin PBXResourcesBuildPhase section */
		332921BE29AA4FDD000262B3 /* Resources */ = {
			isa = PBXResourcesBuildPhase;
			buildActionMask = 2147483647;
			files = (
				332921D029AA4FDF000262B3 /* LaunchScreen.storyboard in Resources */,
				332921CD29AA4FDF000262B3 /* Assets.xcassets in Resources */,
			);
			runOnlyForDeploymentPostprocessing = 0;
		};
/* End PBXResourcesBuildPhase section */

/* Begin PBXSourcesBuildPhase section */
		332921BC29AA4FDD000262B3 /* Sources */ = {
			isa = PBXSourcesBuildPhase;
			buildActionMask = 2147483647;
			files = (
				332921DF29AA50A3000262B3 /* DailyWeatherView.swift in Sources */,
				332921E029AA50A3000262B3 /* MainView.swift in Sources */,
				332921C429AA4FDD000262B3 /* AppDelegate.swift in Sources */,
				332921DD29AA50A3000262B3 /* WeatherModel.swift in Sources */,
				332921DE29AA50A3000262B3 /* ViewController.swift in Sources */,
				332921C629AA4FDD000262B3 /* SceneDelegate.swift in Sources */,
			);
			runOnlyForDeploymentPostprocessing = 0;
		};
/* End PBXSourcesBuildPhase section */

/* Begin PBXVariantGroup section */
		332921CE29AA4FDF000262B3 /* LaunchScreen.storyboard */ = {
			isa = PBXVariantGroup;
			children = (
				332921CF29AA4FDF000262B3 /* Base */,
			);
			name = LaunchScreen.storyboard;
			sourceTree = "<group>";
		};
/* End PBXVariantGroup section */

/* Begin XCBuildConfiguration section */
		332921D229AA4FDF000262B3 /* Debug */ = {
			isa = XCBuildConfiguration;
			buildSettings = {
				ALWAYS_SEARCH_USER_PATHS = NO;
				CLANG_ANALYZER_NONNULL = YES;
				CLANG_ANALYZER_NUMBER_OBJECT_CONVERSION = YES_AGGRESSIVE;
				CLANG_CXX_LANGUAGE_STANDARD = "gnu++20";
				CLANG_ENABLE_MODULES = YES;
				CLANG_ENABLE_OBJC_ARC = YES;
				CLANG_ENABLE_OBJC_WEAK = YES;
				CLANG_WARN_BLOCK_CAPTURE_AUTORELEASING = YES;
				CLANG_WARN_BOOL_CONVERSION = YES;
				CLANG_WARN_COMMA = YES;
				CLANG_WARN_CONSTANT_CONVERSION = YES;
				CLANG_WARN_DEPRECATED_OBJC_IMPLEMENTATIONS = YES;
				CLANG_WARN_DIRECT_OBJC_ISA_USAGE = YES_ERROR;
				CLANG_WARN_DOCUMENTATION_COMMENTS = YES;
				CLANG_WARN_EMPTY_BODY = YES;
				CLANG_WARN_ENUM_CONVERSION = YES;
				CLANG_WARN_INFINITE_RECURSION = YES;
				CLANG_WARN_INT_CONVERSION = YES;
				CLANG_WARN_NON_LITERAL_NULL_CONVERSION = YES;
				CLANG_WARN_OBJC_IMPLICIT_RETAIN_SELF = YES;
				CLANG_WARN_OBJC_LITERAL_CONVERSION = YES;
				CLANG_WARN_OBJC_ROOT_CLASS = YES_ERROR;
				CLANG_WARN_QUOTED_INCLUDE_IN_FRAMEWORK_HEADER = YES;
				CLANG_WARN_RANGE_LOOP_ANALYSIS = YES;
				CLANG_WARN_STRICT_PROTOTYPES = YES;
				CLANG_WARN_SUSPICIOUS_MOVE = YES;
				CLANG_WARN_UNGUARDED_AVAILABILITY = YES_AGGRESSIVE;
				CLANG_WARN_UNREACHABLE_CODE = YES;
				CLANG_WARN__DUPLICATE_METHOD_MATCH = YES;
				COPY_PHASE_STRIP = NO;
				DEBUG_INFORMATION_FORMAT = dwarf;
				ENABLE_STRICT_OBJC_MSGSEND = YES;
				ENABLE_TESTABILITY = YES;
				GCC_C_LANGUAGE_STANDARD = gnu11;
				GCC_DYNAMIC_NO_PIC = NO;
				GCC_NO_COMMON_BLOCKS = YES;
				GCC_OPTIMIZATION_LEVEL = 0;
				GCC_PREPROCESSOR_DEFINITIONS = (
					"DEBUG=1",
					"$(inherited)",
				);
				GCC_WARN_64_TO_32_BIT_CONVERSION = YES;
				GCC_WARN_ABOUT_RETURN_TYPE = YES_ERROR;
				GCC_WARN_UNDECLARED_SELECTOR = YES;
				GCC_WARN_UNINITIALIZED_AUTOS = YES_AGGRESSIVE;
				GCC_WARN_UNUSED_FUNCTION = YES;
				GCC_WARN_UNUSED_VARIABLE = YES;
				IPHONEOS_DEPLOYMENT_TARGET = 13.0;
				MTL_ENABLE_DEBUG_INFO = INCLUDE_SOURCE;
				MTL_FAST_MATH = YES;
				ONLY_ACTIVE_ARCH = YES;
				SDKROOT = iphoneos;
				SWIFT_ACTIVE_COMPILATION_CONDITIONS = DEBUG;
				SWIFT_OPTIMIZATION_LEVEL = "-Onone";
			};
			name = Debug;
		};
		332921D329AA4FDF000262B3 /* Release */ = {
			isa = XCBuildConfiguration;
			buildSettings = {
				ALWAYS_SEARCH_USER_PATHS = NO;
				CLANG_ANALYZER_NONNULL = YES;
				CLANG_ANALYZER_NUMBER_OBJECT_CONVERSION = YES_AGGRESSIVE;
				CLANG_CXX_LANGUAGE_STANDARD = "gnu++20";
				CLANG_ENABLE_MODULES = YES;
				CLANG_ENABLE_OBJC_ARC = YES;
				CLANG_ENABLE_OBJC_WEAK = YES;
				CLANG_WARN_BLOCK_CAPTURE_AUTORELEASING = YES;
				CLANG_WARN_BOOL_CONVERSION = YES;
				CLANG_WARN_COMMA = YES;
				CLANG_WARN_CONSTANT_CONVERSION = YES;
				CLANG_WARN_DEPRECATED_OBJC_IMPLEMENTATIONS = YES;
				CLANG_WARN_DIRECT_OBJC_ISA_USAGE = YES_ERROR;
				CLANG_WARN_DOCUMENTATION_COMMENTS = YES;
				CLANG_WARN_EMPTY_BODY = YES;
				CLANG_WARN_ENUM_CONVERSION = YES;
				CLANG_WARN_INFINITE_RECURSION = YES;
				CLANG_WARN_INT_CONVERSION = YES;
				CLANG_WARN_NON_LITERAL_NULL_CONVERSION = YES;
				CLANG_WARN_OBJC_IMPLICIT_RETAIN_SELF = YES;
				CLANG_WARN_OBJC_LITERAL_CONVERSION = YES;
				CLANG_WARN_OBJC_ROOT_CLASS = YES_ERROR;
				CLANG_WARN_QUOTED_INCLUDE_IN_FRAMEWORK_HEADER = YES;
				CLANG_WARN_RANGE_LOOP_ANALYSIS = YES;
				CLANG_WARN_STRICT_PROTOTYPES = YES;
				CLANG_WARN_SUSPICIOUS_MOVE = YES;
				CLANG_WARN_UNGUARDED_AVAILABILITY = YES_AGGRESSIVE;
				CLANG_WARN_UNREACHABLE_CODE = YES;
				CLANG_WARN__DUPLICATE_METHOD_MATCH = YES;
				COPY_PHASE_STRIP = NO;
				DEBUG_INFORMATION_FORMAT = "dwarf-with-dsym";
				ENABLE_NS_ASSERTIONS = NO;
				ENABLE_STRICT_OBJC_MSGSEND = YES;
				GCC_C_LANGUAGE_STANDARD = gnu11;
				GCC_NO_COMMON_BLOCKS = YES;
				GCC_WARN_64_TO_32_BIT_CONVERSION = YES;
				GCC_WARN_ABOUT_RETURN_TYPE = YES_ERROR;
				GCC_WARN_UNDECLARED_SELECTOR = YES;
				GCC_WARN_UNINITIALIZED_AUTOS = YES_AGGRESSIVE;
				GCC_WARN_UNUSED_FUNCTION = YES;
				GCC_WARN_UNUSED_VARIABLE = YES;
				IPHONEOS_DEPLOYMENT_TARGET = 13.0;
				MTL_ENABLE_DEBUG_INFO = NO;
				MTL_FAST_MATH = YES;
				SDKROOT = iphoneos;
				SWIFT_COMPILATION_MODE = wholemodule;
				SWIFT_OPTIMIZATION_LEVEL = "-O";
				VALIDATE_PRODUCT = YES;
			};
			name = Release;
		};
		332921D529AA4FDF000262B3 /* Debug */ = {
			isa = XCBuildConfiguration;
			buildSettings = {
				ASSETCATALOG_COMPILER_APPICON_NAME = AppIcon;
				ASSETCATALOG_COMPILER_GLOBAL_ACCENT_COLOR_NAME = AccentColor;
				CODE_SIGN_STYLE = Automatic;
				CURRENT_PROJECT_VERSION = 1;
				DEVELOPMENT_TEAM = PJGSRPA5QT;
				GENERATE_INFOPLIST_FILE = YES;
				INFOPLIST_FILE = ReplaceTableViewWithStackFinal/Info.plist;
				INFOPLIST_KEY_UIApplicationSupportsIndirectInputEvents = YES;
				INFOPLIST_KEY_UILaunchStoryboardName = LaunchScreen;
				INFOPLIST_KEY_UISupportedInterfaceOrientations_iPad = "UIInterfaceOrientationPortrait UIInterfaceOrientationPortraitUpsideDown UIInterfaceOrientationLandscapeLeft UIInterfaceOrientationLandscapeRight";
				INFOPLIST_KEY_UISupportedInterfaceOrientations_iPhone = "UIInterfaceOrientationPortrait UIInterfaceOrientationLandscapeLeft UIInterfaceOrientationLandscapeRight";
				LD_RUNPATH_SEARCH_PATHS = (
					"$(inherited)",
					"@executable_path/Frameworks",
				);
				MARKETING_VERSION = 1.0;
				PRODUCT_BUNDLE_IDENTIFIER = artiom.ReplaceTableViewWithStackFinal;
				PRODUCT_NAME = "$(TARGET_NAME)";
				SWIFT_EMIT_LOC_STRINGS = YES;
				SWIFT_VERSION = 5.0;
				TARGETED_DEVICE_FAMILY = "1,2";
			};
			name = Debug;
		};
		332921D629AA4FDF000262B3 /* Release */ = {
			isa = XCBuildConfiguration;
			buildSettings = {
				ASSETCATALOG_COMPILER_APPICON_NAME = AppIcon;
				ASSETCATALOG_COMPILER_GLOBAL_ACCENT_COLOR_NAME = AccentColor;
				CODE_SIGN_STYLE = Automatic;
				CURRENT_PROJECT_VERSION = 1;
				DEVELOPMENT_TEAM = PJGSRPA5QT;
				GENERATE_INFOPLIST_FILE = YES;
				INFOPLIST_FILE = ReplaceTableViewWithStackFinal/Info.plist;
				INFOPLIST_KEY_UIApplicationSupportsIndirectInputEvents = YES;
				INFOPLIST_KEY_UILaunchStoryboardName = LaunchScreen;
				INFOPLIST_KEY_UISupportedInterfaceOrientations_iPad = "UIInterfaceOrientationPortrait UIInterfaceOrientationPortraitUpsideDown UIInterfaceOrientationLandscapeLeft UIInterfaceOrientationLandscapeRight";
				INFOPLIST_KEY_UISupportedInterfaceOrientations_iPhone = "UIInterfaceOrientationPortrait UIInterfaceOrientationLandscapeLeft UIInterfaceOrientationLandscapeRight";
				LD_RUNPATH_SEARCH_PATHS = (
					"$(inherited)",
					"@executable_path/Frameworks",
				);
				MARKETING_VERSION = 1.0;
				PRODUCT_BUNDLE_IDENTIFIER = artiom.ReplaceTableViewWithStackFinal;
				PRODUCT_NAME = "$(TARGET_NAME)";
				SWIFT_EMIT_LOC_STRINGS = YES;
				SWIFT_VERSION = 5.0;
				TARGETED_DEVICE_FAMILY = "1,2";
			};
			name = Release;
		};
/* End XCBuildConfiguration section */

/* Begin XCConfigurationList section */
		332921BB29AA4FDD000262B3 /* Build configuration list for PBXProject "ReplaceTableViewWithStackFinal" */ = {
			isa = XCConfigurationList;
			buildConfigurations = (
				332921D229AA4FDF000262B3 /* Debug */,
				332921D329AA4FDF000262B3 /* Release */,
			);
			defaultConfigurationIsVisible = 0;
			defaultConfigurationName = Release;
		};
		332921D429AA4FDF000262B3 /* Build configuration list for PBXNativeTarget "ReplaceTableViewWithStackFinal" */ = {
			isa = XCConfigurationList;
			buildConfigurations = (
				332921D529AA4FDF000262B3 /* Debug */,
				332921D629AA4FDF000262B3 /* Release */,
			);
			defaultConfigurationIsVisible = 0;
			defaultConfigurationName = Release;
		};
/* End XCConfigurationList section */
	};
	rootObject = 332921B829AA4FDD000262B3 /* Project object */;
}
